<?xml version="1.0" encoding="utf-8"?>
<Project ToolsVersion="4.0" xmlns="http://schemas.microsoft.com/developer/msbuild/2003">
  <ItemGroup>
    <Filter Include="ConEmu">
      <UniqueIdentifier>{8CCC3EAC-786E-6982-6129-7DD64D6AF0D2}</UniqueIdentifier>
    </Filter>
    <Filter Include="common">
      <UniqueIdentifier>{AEFEE3F6-9AA0-0ECD-835B-22216F9C951D}</UniqueIdentifier>
    </Filter>
    <Filter Include="modules">
      <UniqueIdentifier>{FEAC8BD4-6A8C-0A70-73A4-9546DF0271D1}</UniqueIdentifier>
    </Filter>
    <Filter Include="modules\googletest">
      <UniqueIdentifier>{CA63A526-B647-667C-1FA8-60CF0BAB50FE}</UniqueIdentifier>
    </Filter>
    <Filter Include="modules\googletest\googletest">
      <UniqueIdentifier>{16C36F5D-82DB-5687-4B88-E620B75FEB20}</UniqueIdentifier>
    </Filter>
    <Filter Include="modules\googletest\googletest\src">
      <UniqueIdentifier>{2D1C4347-998A-98C6-E273-53C64E218E62}</UniqueIdentifier>
    </Filter>
    <Filter Include="tests">
      <UniqueIdentifier>{78756B10-E489-93C1-AD0B-372119DF8FF2}</UniqueIdentifier>
    </Filter>
  </ItemGroup>
  <ItemGroup>
    <ClCompile Include="ConEmu\DynDialog.cpp">
      <Filter>ConEmu</Filter>
    </ClCompile>
    <ClCompile Include="ConEmu\HotkeyChord.cpp">
      <Filter>ConEmu</Filter>
    </ClCompile>
    <ClCompile Include="ConEmu\Hotkeys.cpp">
      <Filter>ConEmu</Filter>
    </ClCompile>
    <ClCompile Include="ConEmu\Hotkeys_test.cpp">
      <Filter>tests</Filter>
    </ClCompile>
    <ClCompile Include="ConEmu\LngData.cpp">
      <Filter>ConEmu</Filter>
    </ClCompile>
    <ClCompile Include="ConEmu\LngRc.cpp">
      <Filter>ConEmu</Filter>
    </ClCompile>
    <ClCompile Include="ConEmu\MacroImpl.cpp">
      <Filter>ConEmu</Filter>
    </ClCompile>
    <ClCompile Include="ConEmu\Macro_test.cpp">
      <Filter>tests</Filter>
    </ClCompile>
    <ClCompile Include="ConEmu\Match.cpp">
      <Filter>ConEmu</Filter>
    </ClCompile>
    <ClCompile Include="ConEmu\VConText.cpp">
      <Filter>ConEmu</Filter>
    </ClCompile>
    <ClCompile Include="ConEmu\all_test.cpp">
      <Filter>tests</Filter>
    </ClCompile>
    <ClCompile Include="ConEmu\helper.cpp">
      <Filter>ConEmu</Filter>
    </ClCompile>
    <ClCompile Include="UnitTests\main_test.cpp">
      <Filter>tests</Filter>
    </ClCompile>
    <ClCompile Include="common\CEStr.cpp">
      <Filter>common</Filter>
    </ClCompile>
    <ClCompile Include="common\CmdLine.cpp">
      <Filter>common</Filter>
    </ClCompile>
    <ClCompile Include="common\Common.cpp">
      <Filter>common</Filter>
    </ClCompile>
    <ClCompile Include="common\EnvVar.cpp">
      <Filter>common</Filter>
    </ClCompile>
    <ClCompile Include="common\MAssert.cpp">
      <Filter>common</Filter>
    </ClCompile>
    <ClCompile Include="common\MJsonReader.cpp">
      <Filter>common</Filter>
    </ClCompile>
    <ClCompile Include="common\MModule.cpp">
      <Filter>common</Filter>
    </ClCompile>
    <ClCompile Include="common\MProcess.cpp">
      <Filter>common</Filter>
    </ClCompile>
    <ClCompile Include="common\MSectionSimple.cpp">
      <Filter>common</Filter>
    </ClCompile>
    <ClCompile Include="common\MSecurity.cpp">
      <Filter>common</Filter>
    </ClCompile>
    <ClCompile Include="common\MSetter.cpp">
      <Filter>common</Filter>
    </ClCompile>
    <ClCompile Include="common\MStrDup.cpp">
      <Filter>common</Filter>
    </ClCompile>
    <ClCompile Include="common\MStrEsc.cpp">
      <Filter>common</Filter>
    </ClCompile>
    <ClCompile Include="common\MStrSafe.cpp">
      <Filter>common</Filter>
    </ClCompile>
    <ClCompile Include="common\Memory.cpp">
      <Filter>common</Filter>
    </ClCompile>
    <ClCompile Include="common\ProcessSetEnv.cpp">
      <Filter>common</Filter>
    </ClCompile>
    <ClCompile Include="common\RConStartArgs.cpp">
      <Filter>common</Filter>
    </ClCompile>
    <ClCompile Include="common\RConStartArgsEx.cpp">
      <Filter>common</Filter>
    </ClCompile>
    <ClCompile Include="common\WFiles.cpp">
      <Filter>common</Filter>
    </ClCompile>
    <ClCompile Include="common\WObjects.cpp">
      <Filter>common</Filter>
    </ClCompile>
    <ClCompile Include="common\WThreads.cpp">
      <Filter>common</Filter>
    </ClCompile>
    <ClCompile Include="common\WUser.cpp">
      <Filter>common</Filter>
    </ClCompile>
    <ClCompile Include="common\wcchars.cpp">
      <Filter>common</Filter>
    </ClCompile>
    <ClCompile Include="common\wcwidth.cpp">
      <Filter>common</Filter>
    </ClCompile>
    <ClCompile Include="modules\googletest\googletest\src\gtest-all.cc">
      <Filter>modules\googletest\googletest\src</Filter>
    </ClCompile>
  </ItemGroup>
</Project>